// !$*UTF8*$!
{
	archiveVersion = 1;
	classes = {
	};
	objectVersion = 50;
	objects = {

/* Begin PBXBuildFile section */
		297A73FB23D3137A004FFCD4 /* AppDelegate.swift in Sources */ = {isa = PBXBuildFile; fileRef = 297A73FA23D3137A004FFCD4 /* AppDelegate.swift */; };
		297A73FD23D3137A004FFCD4 /* ViewController.swift in Sources */ = {isa = PBXBuildFile; fileRef = 297A73FC23D3137A004FFCD4 /* ViewController.swift */; };
		297A73FF23D3137A004FFCD4 /* Experience.rcproject in Sources */ = {isa = PBXBuildFile; fileRef = 297A73FE23D3137A004FFCD4 /* Experience.rcproject */; };
		297A740223D3137A004FFCD4 /* Main.storyboard in Resources */ = {isa = PBXBuildFile; fileRef = 297A740023D3137A004FFCD4 /* Main.storyboard */; };
		297A740423D31384004FFCD4 /* Assets.xcassets in Resources */ = {isa = PBXBuildFile; fileRef = 297A740323D31384004FFCD4 /* Assets.xcassets */; };
		297A740723D31384004FFCD4 /* LaunchScreen.storyboard in Resources */ = {isa = PBXBuildFile; fileRef = 297A740523D31384004FFCD4 /* LaunchScreen.storyboard */; };
		297A741223D31384004FFCD4 /* escape_roomTests.swift in Sources */ = {isa = PBXBuildFile; fileRef = 297A741123D31384004FFCD4 /* escape_roomTests.swift */; };
		297A741D23D31384004FFCD4 /* escape_roomUITests.swift in Sources */ = {isa = PBXBuildFile; fileRef = 297A741C23D31384004FFCD4 /* escape_roomUITests.swift */; };
		297A742B23D31457004FFCD4 /* REBaseObject.swift in Sources */ = {isa = PBXBuildFile; fileRef = 297A742A23D31457004FFCD4 /* REBaseObject.swift */; };
/* End PBXBuildFile section */

/* Begin PBXContainerItemProxy section */
		297A740E23D31384004FFCD4 /* PBXContainerItemProxy */ = {
			isa = PBXContainerItemProxy;
			containerPortal = 297A73EF23D3137A004FFCD4 /* Project object */;
			proxyType = 1;
			remoteGlobalIDString = 297A73F623D3137A004FFCD4;
			remoteInfo = escape_room;
		};
		297A741923D31384004FFCD4 /* PBXContainerItemProxy */ = {
			isa = PBXContainerItemProxy;
			containerPortal = 297A73EF23D3137A004FFCD4 /* Project object */;
			proxyType = 1;
			remoteGlobalIDString = 297A73F623D3137A004FFCD4;
			remoteInfo = escape_room;
		};
/* End PBXContainerItemProxy section */

/* Begin PBXFileReference section */
		297A73F723D3137A004FFCD4 /* escape_room.app */ = {isa = PBXFileReference; explicitFileType = wrapper.application; includeInIndex = 0; path = escape_room.app; sourceTree = BUILT_PRODUCTS_DIR; };
		297A73FA23D3137A004FFCD4 /* AppDelegate.swift */ = {isa = PBXFileReference; lastKnownFileType = sourcecode.swift; path = AppDelegate.swift; sourceTree = "<group>"; };
		297A73FC23D3137A004FFCD4 /* ViewController.swift */ = {isa = PBXFileReference; lastKnownFileType = sourcecode.swift; path = ViewController.swift; sourceTree = "<group>"; };
		297A73FE23D3137A004FFCD4 /* Experience.rcproject */ = {isa = PBXFileReference; lastKnownFileType = file.rcproject; path = Experience.rcproject; sourceTree = "<group>"; };
		297A740123D3137A004FFCD4 /* Base */ = {isa = PBXFileReference; lastKnownFileType = file.storyboard; name = Base; path = Base.lproj/Main.storyboard; sourceTree = "<group>"; };
		297A740323D31384004FFCD4 /* Assets.xcassets */ = {isa = PBXFileReference; lastKnownFileType = folder.assetcatalog; path = Assets.xcassets; sourceTree = "<group>"; };
		297A740623D31384004FFCD4 /* Base */ = {isa = PBXFileReference; lastKnownFileType = file.storyboard; name = Base; path = Base.lproj/LaunchScreen.storyboard; sourceTree = "<group>"; };
		297A740823D31384004FFCD4 /* Info.plist */ = {isa = PBXFileReference; lastKnownFileType = text.plist.xml; path = Info.plist; sourceTree = "<group>"; };
		297A740D23D31384004FFCD4 /* escape_roomTests.xctest */ = {isa = PBXFileReference; explicitFileType = wrapper.cfbundle; includeInIndex = 0; path = escape_roomTests.xctest; sourceTree = BUILT_PRODUCTS_DIR; };
		297A741123D31384004FFCD4 /* escape_roomTests.swift */ = {isa = PBXFileReference; lastKnownFileType = sourcecode.swift; path = escape_roomTests.swift; sourceTree = "<group>"; };
		297A741323D31384004FFCD4 /* Info.plist */ = {isa = PBXFileReference; lastKnownFileType = text.plist.xml; path = Info.plist; sourceTree = "<group>"; };
		297A741823D31384004FFCD4 /* escape_roomUITests.xctest */ = {isa = PBXFileReference; explicitFileType = wrapper.cfbundle; includeInIndex = 0; path = escape_roomUITests.xctest; sourceTree = BUILT_PRODUCTS_DIR; };
		297A741C23D31384004FFCD4 /* escape_roomUITests.swift */ = {isa = PBXFileReference; lastKnownFileType = sourcecode.swift; path = escape_roomUITests.swift; sourceTree = "<group>"; };
		297A741E23D31384004FFCD4 /* Info.plist */ = {isa = PBXFileReference; lastKnownFileType = text.plist.xml; path = Info.plist; sourceTree = "<group>"; };
		297A742A23D31457004FFCD4 /* REBaseObject.swift */ = {isa = PBXFileReference; fileEncoding = 4; lastKnownFileType = sourcecode.swift; path = REBaseObject.swift; sourceTree = "<group>"; };
/* End PBXFileReference section */

/* Begin PBXFrameworksBuildPhase section */
		297A73F423D3137A004FFCD4 /* Frameworks */ = {
			isa = PBXFrameworksBuildPhase;
			buildActionMask = 2147483647;
			files = (
			);
			runOnlyForDeploymentPostprocessing = 0;
		};
		297A740A23D31384004FFCD4 /* Frameworks */ = {
			isa = PBXFrameworksBuildPhase;
			buildActionMask = 2147483647;
			files = (
			);
			runOnlyForDeploymentPostprocessing = 0;
		};
		297A741523D31384004FFCD4 /* Frameworks */ = {
			isa = PBXFrameworksBuildPhase;
			buildActionMask = 2147483647;
			files = (
			);
			runOnlyForDeploymentPostprocessing = 0;
		};
/* End PBXFrameworksBuildPhase section */

/* Begin PBXGroup section */
		297A73EE23D3137A004FFCD4 = {
			isa = PBXGroup;
			children = (
				297A73F923D3137A004FFCD4 /* escape_room */,
				297A741023D31384004FFCD4 /* escape_roomTests */,
				297A741B23D31384004FFCD4 /* escape_roomUITests */,
				297A73F823D3137A004FFCD4 /* Products */,
			);
			sourceTree = "<group>";
		};
		297A73F823D3137A004FFCD4 /* Products */ = {
			isa = PBXGroup;
			children = (
				297A73F723D3137A004FFCD4 /* escape_room.app */,
				297A740D23D31384004FFCD4 /* escape_roomTests.xctest */,
				297A741823D31384004FFCD4 /* escape_roomUITests.xctest */,
			);
			name = Products;
			sourceTree = "<group>";
		};
		297A73F923D3137A004FFCD4 /* escape_room */ = {
			isa = PBXGroup;
			children = (
				297A742A23D31457004FFCD4 /* REBaseObject.swift */,
				297A73FA23D3137A004FFCD4 /* AppDelegate.swift */,
				297A73FC23D3137A004FFCD4 /* ViewController.swift */,
				297A73FE23D3137A004FFCD4 /* Experience.rcproject */,
				297A740023D3137A004FFCD4 /* Main.storyboard */,
				297A740323D31384004FFCD4 /* Assets.xcassets */,
				297A740523D31384004FFCD4 /* LaunchScreen.storyboard */,
				297A740823D31384004FFCD4 /* Info.plist */,
			);
			path = escape_room;
			sourceTree = "<group>";
		};
		297A741023D31384004FFCD4 /* escape_roomTests */ = {
			isa = PBXGroup;
			children = (
				297A741123D31384004FFCD4 /* escape_roomTests.swift */,
				297A741323D31384004FFCD4 /* Info.plist */,
			);
			path = escape_roomTests;
			sourceTree = "<group>";
		};
		297A741B23D31384004FFCD4 /* escape_roomUITests */ = {
			isa = PBXGroup;
			children = (
				297A741C23D31384004FFCD4 /* escape_roomUITests.swift */,
				297A741E23D31384004FFCD4 /* Info.plist */,
			);
			path = escape_roomUITests;
			sourceTree = "<group>";
		};
/* End PBXGroup section */

/* Begin PBXNativeTarget section */
		297A73F623D3137A004FFCD4 /* escape_room */ = {
			isa = PBXNativeTarget;
			buildConfigurationList = 297A742123D31384004FFCD4 /* Build configuration list for PBXNativeTarget "escape_room" */;
			buildPhases = (
				297A73F323D3137A004FFCD4 /* Sources */,
				297A73F423D3137A004FFCD4 /* Frameworks */,
				297A73F523D3137A004FFCD4 /* Resources */,
			);
			buildRules = (
			);
			dependencies = (
			);
			name = escape_room;
			productName = escape_room;
			productReference = 297A73F723D3137A004FFCD4 /* escape_room.app */;
			productType = "com.apple.product-type.application";
		};
		297A740C23D31384004FFCD4 /* escape_roomTests */ = {
			isa = PBXNativeTarget;
			buildConfigurationList = 297A742423D31384004FFCD4 /* Build configuration list for PBXNativeTarget "escape_roomTests" */;
			buildPhases = (
				297A740923D31384004FFCD4 /* Sources */,
				297A740A23D31384004FFCD4 /* Frameworks */,
				297A740B23D31384004FFCD4 /* Resources */,
			);
			buildRules = (
			);
			dependencies = (
				297A740F23D31384004FFCD4 /* PBXTargetDependency */,
			);
			name = escape_roomTests;
			productName = escape_roomTests;
			productReference = 297A740D23D31384004FFCD4 /* escape_roomTests.xctest */;
			productType = "com.apple.product-type.bundle.unit-test";
		};
		297A741723D31384004FFCD4 /* escape_roomUITests */ = {
			isa = PBXNativeTarget;
			buildConfigurationList = 297A742723D31384004FFCD4 /* Build configuration list for PBXNativeTarget "escape_roomUITests" */;
			buildPhases = (
				297A741423D31384004FFCD4 /* Sources */,
				297A741523D31384004FFCD4 /* Frameworks */,
				297A741623D31384004FFCD4 /* Resources */,
			);
			buildRules = (
			);
			dependencies = (
				297A741A23D31384004FFCD4 /* PBXTargetDependency */,
			);
			name = escape_roomUITests;
			productName = escape_roomUITests;
			productReference = 297A741823D31384004FFCD4 /* escape_roomUITests.xctest */;
			productType = "com.apple.product-type.bundle.ui-testing";
		};
/* End PBXNativeTarget section */

/* Begin PBXProject section */
		297A73EF23D3137A004FFCD4 /* Project object */ = {
			isa = PBXProject;
			attributes = {
				LastSwiftUpdateCheck = 1120;
				LastUpgradeCheck = 1120;
				ORGANIZATIONNAME = "周舒意";
				TargetAttributes = {
					297A73F623D3137A004FFCD4 = {
						CreatedOnToolsVersion = 11.2.1;
					};
					297A740C23D31384004FFCD4 = {
						CreatedOnToolsVersion = 11.2.1;
						TestTargetID = 297A73F623D3137A004FFCD4;
					};
					297A741723D31384004FFCD4 = {
						CreatedOnToolsVersion = 11.2.1;
						TestTargetID = 297A73F623D3137A004FFCD4;
					};
				};
			};
			buildConfigurationList = 297A73F223D3137A004FFCD4 /* Build configuration list for PBXProject "escape_room" */;
			compatibilityVersion = "Xcode 9.3";
			developmentRegion = en;
			hasScannedForEncodings = 0;
			knownRegions = (
				en,
				Base,
			);
			mainGroup = 297A73EE23D3137A004FFCD4;
			productRefGroup = 297A73F823D3137A004FFCD4 /* Products */;
			projectDirPath = "";
			projectRoot = "";
			targets = (
				297A73F623D3137A004FFCD4 /* escape_room */,
				297A740C23D31384004FFCD4 /* escape_roomTests */,
				297A741723D31384004FFCD4 /* escape_roomUITests */,
			);
		};
/* End PBXProject section */

/* Begin PBXResourcesBuildPhase section */
		297A73F523D3137A004FFCD4 /* Resources */ = {
			isa = PBXResourcesBuildPhase;
			buildActionMask = 2147483647;
			files = (
				297A740723D31384004FFCD4 /* LaunchScreen.storyboard in Resources */,
				297A740423D31384004FFCD4 /* Assets.xcassets in Resources */,
				297A740223D3137A004FFCD4 /* Main.storyboard in Resources */,
			);
			runOnlyForDeploymentPostprocessing = 0;
		};
		297A740B23D31384004FFCD4 /* Resources */ = {
			isa = PBXResourcesBuildPhase;
			buildActionMask = 2147483647;
			files = (
			);
			runOnlyForDeploymentPostprocessing = 0;
		};
		297A741623D31384004FFCD4 /* Resources */ = {
			isa = PBXResourcesBuildPhase;
			buildActionMask = 2147483647;
			files = (
			);
			runOnlyForDeploymentPostprocessing = 0;
		};
/* End PBXResourcesBuildPhase section */

/* Begin PBXSourcesBuildPhase section */
		297A73F323D3137A004FFCD4 /* Sources */ = {
			isa = PBXSourcesBuildPhase;
			buildActionMask = 2147483647;
			files = (
				297A73FD23D3137A004FFCD4 /* ViewController.swift in Sources */,
				297A73FB23D3137A004FFCD4 /* AppDelegate.swift in Sources */,
				297A742B23D31457004FFCD4 /* REBaseObject.swift in Sources */,
				297A73FF23D3137A004FFCD4 /* Experience.rcproject in Sources */,
			);
			runOnlyForDeploymentPostprocessing = 0;
		};
		297A740923D31384004FFCD4 /* Sources */ = {
			isa = PBXSourcesBuildPhase;
			buildActionMask = 2147483647;
			files = (
				297A741223D31384004FFCD4 /* escape_roomTests.swift in Sources */,
			);
			runOnlyForDeploymentPostprocessing = 0;
		};
		297A741423D31384004FFCD4 /* Sources */ = {
			isa = PBXSourcesBuildPhase;
			buildActionMask = 2147483647;
			files = (
				297A741D23D31384004FFCD4 /* escape_roomUITests.swift in Sources */,
			);
			runOnlyForDeploymentPostprocessing = 0;
		};
/* End PBXSourcesBuildPhase section */

/* Begin PBXTargetDependency section */
		297A740F23D31384004FFCD4 /* PBXTargetDependency */ = {
			isa = PBXTargetDependency;
			target = 297A73F623D3137A004FFCD4 /* escape_room */;
			targetProxy = 297A740E23D31384004FFCD4 /* PBXContainerItemProxy */;
		};
		297A741A23D31384004FFCD4 /* PBXTargetDependency */ = {
			isa = PBXTargetDependency;
			target = 297A73F623D3137A004FFCD4 /* escape_room */;
			targetProxy = 297A741923D31384004FFCD4 /* PBXContainerItemProxy */;
		};
/* End PBXTargetDependency section */

/* Begin PBXVariantGroup section */
		297A740023D3137A004FFCD4 /* Main.storyboard */ = {
			isa = PBXVariantGroup;
			children = (
				297A740123D3137A004FFCD4 /* Base */,
			);
			name = Main.storyboard;
			sourceTree = "<group>";
		};
		297A740523D31384004FFCD4 /* LaunchScreen.storyboard */ = {
			isa = PBXVariantGroup;
			children = (
				297A740623D31384004FFCD4 /* Base */,
			);
			name = LaunchScreen.storyboard;
			sourceTree = "<group>";
		};
/* End PBXVariantGroup section */

/* Begin XCBuildConfiguration section */
		297A741F23D31384004FFCD4 /* Debug */ = {
			isa = XCBuildConfiguration;
			buildSettings = {
				ALWAYS_SEARCH_USER_PATHS = NO;
				CLANG_ANALYZER_NONNULL = YES;
				CLANG_ANALYZER_NUMBER_OBJECT_CONVERSION = YES_AGGRESSIVE;
				CLANG_CXX_LANGUAGE_STANDARD = "gnu++14";
				CLANG_CXX_LIBRARY = "libc++";
				CLANG_ENABLE_MODULES = YES;
				CLANG_ENABLE_OBJC_ARC = YES;
				CLANG_ENABLE_OBJC_WEAK = YES;
				CLANG_WARN_BLOCK_CAPTURE_AUTORELEASING = YES;
				CLANG_WARN_BOOL_CONVERSION = YES;
				CLANG_WARN_COMMA = YES;
				CLANG_WARN_CONSTANT_CONVERSION = YES;
				CLANG_WARN_DEPRECATED_OBJC_IMPLEMENTATIONS = YES;
				CLANG_WARN_DIRECT_OBJC_ISA_USAGE = YES_ERROR;
				CLANG_WARN_DOCUMENTATION_COMMENTS = YES;
				CLANG_WARN_EMPTY_BODY = YES;
				CLANG_WARN_ENUM_CONVERSION = YES;
				CLANG_WARN_INFINITE_RECURSION = YES;
				CLANG_WARN_INT_CONVERSION = YES;
				CLANG_WARN_NON_LITERAL_NULL_CONVERSION = YES;
				CLANG_WARN_OBJC_IMPLICIT_RETAIN_SELF = YES;
				CLANG_WARN_OBJC_LITERAL_CONVERSION = YES;
				CLANG_WARN_OBJC_ROOT_CLASS = YES_ERROR;
				CLANG_WARN_RANGE_LOOP_ANALYSIS = YES;
				CLANG_WARN_STRICT_PROTOTYPES = YES;
				CLANG_WARN_SUSPICIOUS_MOVE = YES;
				CLANG_WARN_UNGUARDED_AVAILABILITY = YES_AGGRESSIVE;
				CLANG_WARN_UNREACHABLE_CODE = YES;
				CLANG_WARN__DUPLICATE_METHOD_MATCH = YES;
				COPY_PHASE_STRIP = NO;
				DEBUG_INFORMATION_FORMAT = dwarf;
				ENABLE_STRICT_OBJC_MSGSEND = YES;
				ENABLE_TESTABILITY = YES;
				GCC_C_LANGUAGE_STANDARD = gnu11;
				GCC_DYNAMIC_NO_PIC = NO;
				GCC_NO_COMMON_BLOCKS = YES;
				GCC_OPTIMIZATION_LEVEL = 0;
				GCC_PREPROCESSOR_DEFINITIONS = (
					"DEBUG=1",
					"$(inherited)",
				);
				GCC_WARN_64_TO_32_BIT_CONVERSION = YES;
				GCC_WARN_ABOUT_RETURN_TYPE = YES_ERROR;
				GCC_WARN_UNDECLARED_SELECTOR = YES;
				GCC_WARN_UNINITIALIZED_AUTOS = YES_AGGRESSIVE;
				GCC_WARN_UNUSED_FUNCTION = YES;
				GCC_WARN_UNUSED_VARIABLE = YES;
				IPHONEOS_DEPLOYMENT_TARGET = 13.2;
				MTL_ENABLE_DEBUG_INFO = INCLUDE_SOURCE;
				MTL_FAST_MATH = YES;
				ONLY_ACTIVE_ARCH = YES;
				SDKROOT = iphoneos;
				SWIFT_ACTIVE_COMPILATION_CONDITIONS = DEBUG;
				SWIFT_OPTIMIZATION_LEVEL = "-Onone";
			};
			name = Debug;
		};
		297A742023D31384004FFCD4 /* Release */ = {
			isa = XCBuildConfiguration;
			buildSettings = {
				ALWAYS_SEARCH_USER_PATHS = NO;
				CLANG_ANALYZER_NONNULL = YES;
				CLANG_ANALYZER_NUMBER_OBJECT_CONVERSION = YES_AGGRESSIVE;
				CLANG_CXX_LANGUAGE_STANDARD = "gnu++14";
				CLANG_CXX_LIBRARY = "libc++";
				CLANG_ENABLE_MODULES = YES;
				CLANG_ENABLE_OBJC_ARC = YES;
				CLANG_ENABLE_OBJC_WEAK = YES;
				CLANG_WARN_BLOCK_CAPTURE_AUTORELEASING = YES;
				CLANG_WARN_BOOL_CONVERSION = YES;
				CLANG_WARN_COMMA = YES;
				CLANG_WARN_CONSTANT_CONVERSION = YES;
				CLANG_WARN_DEPRECATED_OBJC_IMPLEMENTATIONS = YES;
				CLANG_WARN_DIRECT_OBJC_ISA_USAGE = YES_ERROR;
				CLANG_WARN_DOCUMENTATION_COMMENTS = YES;
				CLANG_WARN_EMPTY_BODY = YES;
				CLANG_WARN_ENUM_CONVERSION = YES;
				CLANG_WARN_INFINITE_RECURSION = YES;
				CLANG_WARN_INT_CONVERSION = YES;
				CLANG_WARN_NON_LITERAL_NULL_CONVERSION = YES;
				CLANG_WARN_OBJC_IMPLICIT_RETAIN_SELF = YES;
				CLANG_WARN_OBJC_LITERAL_CONVERSION = YES;
				CLANG_WARN_OBJC_ROOT_CLASS = YES_ERROR;
				CLANG_WARN_RANGE_LOOP_ANALYSIS = YES;
				CLANG_WARN_STRICT_PROTOTYPES = YES;
				CLANG_WARN_SUSPICIOUS_MOVE = YES;
				CLANG_WARN_UNGUARDED_AVAILABILITY = YES_AGGRESSIVE;
				CLANG_WARN_UNREACHABLE_CODE = YES;
				CLANG_WARN__DUPLICATE_METHOD_MATCH = YES;
				COPY_PHASE_STRIP = NO;
				DEBUG_INFORMATION_FORMAT = "dwarf-with-dsym";
				ENABLE_NS_ASSERTIONS = NO;
				ENABLE_STRICT_OBJC_MSGSEND = YES;
				GCC_C_LANGUAGE_STANDARD = gnu11;
				GCC_NO_COMMON_BLOCKS = YES;
				GCC_WARN_64_TO_32_BIT_CONVERSION = YES;
				GCC_WARN_ABOUT_RETURN_TYPE = YES_ERROR;
				GCC_WARN_UNDECLARED_SELECTOR = YES;
				GCC_WARN_UNINITIALIZED_AUTOS = YES_AGGRESSIVE;
				GCC_WARN_UNUSED_FUNCTION = YES;
				GCC_WARN_UNUSED_VARIABLE = YES;
				IPHONEOS_DEPLOYMENT_TARGET = 13.2;
				MTL_ENABLE_DEBUG_INFO = NO;
				MTL_FAST_MATH = YES;
				SDKROOT = iphoneos;
				SWIFT_COMPILATION_MODE = wholemodule;
				SWIFT_OPTIMIZATION_LEVEL = "-O";
				VALIDATE_PRODUCT = YES;
			};
			name = Release;
		};
		297A742223D31384004FFCD4 /* Debug */ = {
			isa = XCBuildConfiguration;
			buildSettings = {
				ASSETCATALOG_COMPILER_APPICON_NAME = AppIcon;
				CODE_SIGN_IDENTITY = "Apple Development";
				CODE_SIGN_STYLE = Automatic;
				DEVELOPMENT_TEAM = U49626Y43Z;
				INFOPLIST_FILE = escape_room/Info.plist;
				LD_RUNPATH_SEARCH_PATHS = (
					"$(inherited)",
					"@executable_path/Frameworks",
				);
				PRODUCT_BUNDLE_IDENTIFIER = asdfggh;
				PRODUCT_NAME = "$(TARGET_NAME)";
				PROVISIONING_PROFILE_SPECIFIER = "";
				SWIFT_VERSION = 5.0;
				TARGETED_DEVICE_FAMILY = "1,2";
			};
			name = Debug;
		};
		297A742323D31384004FFCD4 /* Release */ = {
			isa = XCBuildConfiguration;
			buildSettings = {
				ASSETCATALOG_COMPILER_APPICON_NAME = AppIcon;
				CODE_SIGN_IDENTITY = "Apple Development";
				CODE_SIGN_STYLE = Automatic;
				DEVELOPMENT_TEAM = 2MW7AVXSBR;
				INFOPLIST_FILE = escape_room/Info.plist;
				LD_RUNPATH_SEARCH_PATHS = (
					"$(inherited)",
					"@executable_path/Frameworks",
				);
				PRODUCT_BUNDLE_IDENTIFIER = "com.icode.escape-room";
				PRODUCT_NAME = "$(TARGET_NAME)";
				PROVISIONING_PROFILE_SPECIFIER = "";
				SWIFT_VERSION = 5.0;
				TARGETED_DEVICE_FAMILY = "1,2";
			};
			name = Release;
		};
		297A742523D31384004FFCD4 /* Debug */ = {
			isa = XCBuildConfiguration;
			buildSettings = {
				ALWAYS_EMBED_SWIFT_STANDARD_LIBRARIES = YES;
				BUNDLE_LOADER = "$(TEST_HOST)";
				CODE_SIGN_STYLE = Automatic;
				DEVELOPMENT_TEAM = 2MW7AVXSBR;
				INFOPLIST_FILE = escape_roomTests/Info.plist;
				IPHONEOS_DEPLOYMENT_TARGET = 13.2;
				LD_RUNPATH_SEARCH_PATHS = (
					"$(inherited)",
					"@executable_path/Frameworks",
					"@loader_path/Frameworks",
				);
				PRODUCT_BUNDLE_IDENTIFIER = "com.icode.escape-roomTests";
				PRODUCT_NAME = "$(TARGET_NAME)";
				SWIFT_VERSION = 5.0;
				TARGETED_DEVICE_FAMILY = "1,2";
				TEST_HOST = "$(BUILT_PRODUCTS_DIR)/escape_room.app/escape_room";
			};
			name = Debug;
		};
		297A742623D31384004FFCD4 /* Release */ = {
			isa = XCBuildConfiguration;
			buildSettings = {
				ALWAYS_EMBED_SWIFT_STANDARD_LIBRARIES = YES;
				BUNDLE_LOADER = "$(TEST_HOST)";
				CODE_SIGN_STYLE = Automatic;
				DEVELOPMENT_TEAM = 2MW7AVXSBR;
				INFOPLIST_FILE = escape_roomTests/Info.plist;
				IPHONEOS_DEPLOYMENT_TARGET = 13.2;
				LD_RUNPATH_SEARCH_PATHS = (
					"$(inherited)",
					"@executable_path/Frameworks",
					"@loader_path/Frameworks",
				);
				PRODUCT_BUNDLE_IDENTIFIER = "com.icode.escape-roomTests";
				PRODUCT_NAME = "$(TARGET_NAME)";
				SWIFT_VERSION = 5.0;
				TARGETED_DEVICE_FAMILY = "1,2";
				TEST_HOST = "$(BUILT_PRODUCTS_DIR)/escape_room.app/escape_room";
			};
			name = Release;
		};
		297A742823D31384004FFCD4 /* Debug */ = {
			isa = XCBuildConfiguration;
			buildSettings = {
				ALWAYS_EMBED_SWIFT_STANDARD_LIBRARIES = YES;
				CODE_SIGN_STYLE = Automatic;
				DEVELOPMENT_TEAM = 2MW7AVXSBR;
				INFOPLIST_FILE = escape_roomUITests/Info.plist;
				LD_RUNPATH_SEARCH_PATHS = (
					"$(inherited)",
					"@executable_path/Frameworks",
					"@loader_path/Frameworks",
				);
				PRODUCT_BUNDLE_IDENTIFIER = "com.icode.escape-roomUITests";
				PRODUCT_NAME = "$(TARGET_NAME)";
				SWIFT_VERSION = 5.0;
				TARGETED_DEVICE_FAMILY = "1,2";
				TEST_TARGET_NAME = escape_room;
			};
			name = Debug;
		};
		297A742923D31384004FFCD4 /* Release */ = {
			isa = XCBuildConfiguration;
			buildSettings = {
				ALWAYS_EMBED_SWIFT_STANDARD_LIBRARIES = YES;
				CODE_SIGN_STYLE = Automatic;
				DEVELOPMENT_TEAM = 2MW7AVXSBR;
				INFOPLIST_FILE = escape_roomUITests/Info.plist;
				LD_RUNPATH_SEARCH_PATHS = (
					"$(inherited)",
					"@executable_path/Frameworks",
					"@loader_path/Frameworks",
				);
				PRODUCT_BUNDLE_IDENTIFIER = "com.icode.escape-roomUITests";
				PRODUCT_NAME = "$(TARGET_NAME)";
				SWIFT_VERSION = 5.0;
				TARGETED_DEVICE_FAMILY = "1,2";
				TEST_TARGET_NAME = escape_room;
			};
			name = Release;
		};
/* End XCBuildConfiguration section */

/* Begin XCConfigurationList section */
		297A73F223D3137A004FFCD4 /* Build configuration list for PBXProject "escape_room" */ = {
			isa = XCConfigurationList;
			buildConfigurations = (
				297A741F23D31384004FFCD4 /* Debug */,
				297A742023D31384004FFCD4 /* Release */,
			);
			defaultConfigurationIsVisible = 0;
			defaultConfigurationName = Release;
		};
		297A742123D31384004FFCD4 /* Build configuration list for PBXNativeTarget "escape_room" */ = {
			isa = XCConfigurationList;
			buildConfigurations = (
				297A742223D31384004FFCD4 /* Debug */,
				297A742323D31384004FFCD4 /* Release */,
			);
			defaultConfigurationIsVisible = 0;
			defaultConfigurationName = Release;
		};
		297A742423D31384004FFCD4 /* Build configuration list for PBXNativeTarget "escape_roomTests" */ = {
			isa = XCConfigurationList;
			buildConfigurations = (
				297A742523D31384004FFCD4 /* Debug */,
				297A742623D31384004FFCD4 /* Release */,
			);
			defaultConfigurationIsVisible = 0;
			defaultConfigurationName = Release;
		};
		297A742723D31384004FFCD4 /* Build configuration list for PBXNativeTarget "escape_roomUITests" */ = {
			isa = XCConfigurationList;
			buildConfigurations = (
				297A742823D31384004FFCD4 /* Debug */,
				297A742923D31384004FFCD4 /* Release */,
			);
			defaultConfigurationIsVisible = 0;
			defaultConfigurationName = Release;
		};
/* End XCConfigurationList section */
	};
	rootObject = 297A73EF23D3137A004FFCD4 /* Project object */;
}
